
Microsoft Visual Studio Solution File, Format Version 12.00
# Visual Studio Version 16
VisualStudioVersion = 16.0.30413.136
MinimumVisualStudioVersion = 10.0.40219.1
Project("{FAE04EC0-301F-11D3-BF4B-00C04F79EFBC}") = "17.10.2022", "17.10.2022\17.10.2022.csproj", "{BA92F843-E135-453B-94FD-D2055D693564}"
EndProject
Global
	GlobalSection(SolutionConfigurationPlatforms) = preSolution
		Debug|Any CPU = Debug|Any CPU
		Release|Any CPU = Release|Any CPU
	EndGlobalSection
	GlobalSection(ProjectConfigurationPlatforms) = postSolution
		{BA92F843-E135-453B-94FD-D2055D693564}.Debug|Any CPU.ActiveCfg = Debug|Any CPU
		{BA92F843-E135-453B-94FD-D2055D693564}.Debug|Any CPU.Build.0 = Debug|Any CPU
		{BA92F843-E135-453B-94FD-D2055D693564}.Release|Any CPU.ActiveCfg = Release|Any CPU
		{BA92F843-E135-453B-94FD-D2055D693564}.Release|Any CPU.Build.0 = Release|Any CPU
	EndGlobalSection
	GlobalSection(SolutionProperties) = preSolution
		HideSolutionNode = FALSE
	EndGlobalSection
	GlobalSection(ExtensibilityGlobals) = postSolution
		SolutionGuid = {AE7879E6-13C7-48B6-B140-B3198EA23AAE}
	EndGlobalSection
EndGlobal
